Microsoft Visual Studio Solution File, Format Version 11.00
# Visual Studio 2008

Project("{1FA5535E-5850-7D64-FFD7-210C1427A9CD}") = "Wolfie3AndEthan", "Assembly-CSharp-firstpass.csproj", "{ED708530-A878-ABD2-DBB4-2EF2633F9B02}"
EndProject
Project("{1FA5535E-5850-7D64-FFD7-210C1427A9CD}") = "Wolfie3AndEthan", "Assembly-CSharp.csproj", "{9E015422-FC08-23A8-F91E-4B7E83A5FCEA}"
EndProject
Project("{1FA5535E-5850-7D64-FFD7-210C1427A9CD}") = "Wolfie3AndEthan", "Assembly-CSharp-Editor.csproj", "{DAC467D6-BD88-D59E-186C-0BCAE9DF83BE}"
EndProject
Global
	GlobalSection(SolutionConfigurationPlatforms) = preSolution
		Debug|Any CPU = Debug|Any CPU
		Release|Any CPU = Release|Any CPU
	EndGlobalSection
	GlobalSection(ProjectConfigurationPlatforms) = postSolution
		{ED708530-A878-ABD2-DBB4-2EF2633F9B02}.Debug|Any CPU.ActiveCfg = Debug|Any CPU
		{ED708530-A878-ABD2-DBB4-2EF2633F9B02}.Debug|Any CPU.Build.0 = Debug|Any CPU
		{ED708530-A878-ABD2-DBB4-2EF2633F9B02}.Release|Any CPU.ActiveCfg = Release|Any CPU
		{ED708530-A878-ABD2-DBB4-2EF2633F9B02}.Release|Any CPU.Build.0 = Release|Any CPU
		{9E015422-FC08-23A8-F91E-4B7E83A5FCEA}.Debug|Any CPU.ActiveCfg = Debug|Any CPU
		{9E015422-FC08-23A8-F91E-4B7E83A5FCEA}.Debug|Any CPU.Build.0 = Debug|Any CPU
		{9E015422-FC08-23A8-F91E-4B7E83A5FCEA}.Release|Any CPU.ActiveCfg = Release|Any CPU
		{9E015422-FC08-23A8-F91E-4B7E83A5FCEA}.Release|Any CPU.Build.0 = Release|Any CPU
		{DAC467D6-BD88-D59E-186C-0BCAE9DF83BE}.Debug|Any CPU.ActiveCfg = Debug|Any CPU
		{DAC467D6-BD88-D59E-186C-0BCAE9DF83BE}.Debug|Any CPU.Build.0 = Debug|Any CPU
		{DAC467D6-BD88-D59E-186C-0BCAE9DF83BE}.Release|Any CPU.ActiveCfg = Release|Any CPU
		{DAC467D6-BD88-D59E-186C-0BCAE9DF83BE}.Release|Any CPU.Build.0 = Release|Any CPU
	EndGlobalSection
	GlobalSection(SolutionProperties) = preSolution
		HideSolutionNode = FALSE
	EndGlobalSection
	GlobalSection(MonoDevelopProperties) = preSolution
		StartupItem = Assembly-CSharp.csproj
	EndGlobalSection
EndGlobal
